
Microsoft Visual Studio Solution File, Format Version 12.00
# Visual Studio 15
Project("{FAE04EC0-301F-11D3-BF4B-00C04F79EFBC}") = "OddsCalc5000", "OddsCalc5000\OddsCalc5000.csproj", "{F555F5B6-5186-48AE-8F10-4006AE544FE5}"
EndProject
Project("{E53339B2-1760-4266-BCC7-CA923CBCF16C}") = "docker-compose", "docker-compose.dcproj", "{2448A164-5D0F-4416-A343-9D9A508CEFA3}"
EndProject
Global
	GlobalSection(SolutionConfigurationPlatforms) = preSolution
		Debug|Any CPU = Debug|Any CPU
		Release|Any CPU = Release|Any CPU
	EndGlobalSection
	GlobalSection(ProjectConfigurationPlatforms) = postSolution
		{F555F5B6-5186-48AE-8F10-4006AE544FE5}.Debug|Any CPU.ActiveCfg = Debug|Any CPU
		{F555F5B6-5186-48AE-8F10-4006AE544FE5}.Debug|Any CPU.Build.0 = Debug|Any CPU
		{F555F5B6-5186-48AE-8F10-4006AE544FE5}.Release|Any CPU.ActiveCfg = Release|Any CPU
		{F555F5B6-5186-48AE-8F10-4006AE544FE5}.Release|Any CPU.Build.0 = Release|Any CPU
		{2448A164-5D0F-4416-A343-9D9A508CEFA3}.Debug|Any CPU.ActiveCfg = Debug|Any CPU
		{2448A164-5D0F-4416-A343-9D9A508CEFA3}.Debug|Any CPU.Build.0 = Debug|Any CPU
		{2448A164-5D0F-4416-A343-9D9A508CEFA3}.Release|Any CPU.ActiveCfg = Release|Any CPU
		{2448A164-5D0F-4416-A343-9D9A508CEFA3}.Release|Any CPU.Build.0 = Release|Any CPU
	EndGlobalSection
EndGlobal
